
Microsoft Visual Studio Solution File, Format Version 12.00
# Visual Studio Version 17
VisualStudioVersion = 17.5.33414.496
MinimumVisualStudioVersion = 10.0.40219.1
Project("{FAE04EC0-301F-11D3-BF4B-00C04F79EFBC}") = "MVCDemoProject", "MVCDemoProject.csproj", "{66D929E9-E075-4C67-BF4B-A2C4D8860F09}"
EndProject
Global
	GlobalSection(SolutionConfigurationPlatforms) = preSolution
		Debug|Any CPU = Debug|Any CPU
		Release|Any CPU = Release|Any CPU
	EndGlobalSection
	GlobalSection(ProjectConfigurationPlatforms) = postSolution
		{66D929E9-E075-4C67-BF4B-A2C4D8860F09}.Debug|Any CPU.ActiveCfg = Debug|Any CPU
		{66D929E9-E075-4C67-BF4B-A2C4D8860F09}.Debug|Any CPU.Build.0 = Debug|Any CPU
		{66D929E9-E075-4C67-BF4B-A2C4D8860F09}.Release|Any CPU.ActiveCfg = Release|Any CPU
		{66D929E9-E075-4C67-BF4B-A2C4D8860F09}.Release|Any CPU.Build.0 = Release|Any CPU
	EndGlobalSection
	GlobalSection(SolutionProperties) = preSolution
		HideSolutionNode = FALSE
	EndGlobalSection
	GlobalSection(ExtensibilityGlobals) = postSolution
		SolutionGuid = {3E2EC686-DDFA-4476-81B8-4FBCEB16B53A}
	EndGlobalSection
EndGlobal
